// !$*UTF8*$!
{
	archiveVersion = 1;
	classes = {
	};
	objectVersion = 51;
	objects = {

/* Begin PBXBuildFile section */
		487C854A25879CF600267DA9 /* SkeletonView.swift in Sources */ = {isa = PBXBuildFile; fileRef = 487C854925879CF600267DA9 /* SkeletonView.swift */; };
		487C859D2587B0E500267DA9 /* Connection.swift in Sources */ = {isa = PBXBuildFile; fileRef = 487C859C2587B0E500267DA9 /* Connection.swift */; };
		487C85EC2587B91E00267DA9 /* GitDevModelTest.swift in Sources */ = {isa = PBXBuildFile; fileRef = 487C85EB2587B91E00267DA9 /* GitDevModelTest.swift */; };
		487C85FC2587BBFA00267DA9 /* DevList_200.json in Resources */ = {isa = PBXBuildFile; fileRef = 487C85FB2587BBFA00267DA9 /* DevList_200.json */; };
		487C86042587BCBE00267DA9 /* DevDetails_200.json in Resources */ = {isa = PBXBuildFile; fileRef = 487C86032587BCBE00267DA9 /* DevDetails_200.json */; };
		48C3AD98258596C0005D3316 /* Localizable.strings in Resources */ = {isa = PBXBuildFile; fileRef = 48C3AD97258596C0005D3316 /* Localizable.strings */; };
		48C3ADB125859790005D3316 /* Alias.swift in Sources */ = {isa = PBXBuildFile; fileRef = 48C3ADB025859790005D3316 /* Alias.swift */; };
		48C3ADBC258598CA005D3316 /* UserListViewController.swift in Sources */ = {isa = PBXBuildFile; fileRef = 48C3ADBA258598CA005D3316 /* UserListViewController.swift */; };
		48C3ADC125859995005D3316 /* DevListCell.swift in Sources */ = {isa = PBXBuildFile; fileRef = 48C3ADC025859995005D3316 /* DevListCell.swift */; };
		48C3ADD22585B0F0005D3316 /* BaseService.swift in Sources */ = {isa = PBXBuildFile; fileRef = 48C3ADD12585B0F0005D3316 /* BaseService.swift */; };
		48C3ADE52585B438005D3316 /* UIImageView+CornerRadius.swift in Sources */ = {isa = PBXBuildFile; fileRef = 48C3ADE12585B438005D3316 /* UIImageView+CornerRadius.swift */; };
		48C3ADE62585B438005D3316 /* UITableView+Register.swift in Sources */ = {isa = PBXBuildFile; fileRef = 48C3ADE22585B438005D3316 /* UITableView+Register.swift */; };
		48C3ADE72585B438005D3316 /* R.generated.swift in Sources */ = {isa = PBXBuildFile; fileRef = 48C3ADE42585B438005D3316 /* R.generated.swift */; };
		48C3ADF32585B59E005D3316 /* Enums.swift in Sources */ = {isa = PBXBuildFile; fileRef = 48C3ADF22585B59E005D3316 /* Enums.swift */; };
		48C3ADF82585B8A4005D3316 /* DevListResponse.swift in Sources */ = {isa = PBXBuildFile; fileRef = 48C3ADF72585B8A4005D3316 /* DevListResponse.swift */; };
		48C3ADFD2585B8DC005D3316 /* DevListViewModel.swift in Sources */ = {isa = PBXBuildFile; fileRef = 48C3ADFC2585B8DC005D3316 /* DevListViewModel.swift */; };
		48C3AE052585BA1D005D3316 /* DevListService.swift in Sources */ = {isa = PBXBuildFile; fileRef = 48C3AE042585BA1D005D3316 /* DevListService.swift */; };
		48C3AE122585CB7B005D3316 /* String+Empty.swift in Sources */ = {isa = PBXBuildFile; fileRef = 48C3AE112585CB7B005D3316 /* String+Empty.swift */; };
		48C3AE1F2585D1E8005D3316 /* UIViewcontroller+AlertMessage.swift in Sources */ = {isa = PBXBuildFile; fileRef = 48C3AE1E2585D1E8005D3316 /* UIViewcontroller+AlertMessage.swift */; };
		48C3AE252585E113005D3316 /* ImageLoader.swift in Sources */ = {isa = PBXBuildFile; fileRef = 48C3AE242585E113005D3316 /* ImageLoader.swift */; };
		48C3AE2A2585E139005D3316 /* ImageCaching.swift in Sources */ = {isa = PBXBuildFile; fileRef = 48C3AE292585E139005D3316 /* ImageCaching.swift */; };
		48C3AE2F2585E17D005D3316 /* ImageCacheConfig.swift in Sources */ = {isa = PBXBuildFile; fileRef = 48C3AE2E2585E17D005D3316 /* ImageCacheConfig.swift */; };
		48C3AE362585F4A6005D3316 /* CDDevs.xcdatamodeld in Sources */ = {isa = PBXBuildFile; fileRef = 48C3AE342585F4A6005D3316 /* CDDevs.xcdatamodeld */; };
		48C3AE3B2585F4C2005D3316 /* CDManager.swift in Sources */ = {isa = PBXBuildFile; fileRef = 48C3AE3A2585F4C2005D3316 /* CDManager.swift */; };
		48CDC9D325871BBB00D7FDC2 /* DevProfileViewController.swift in Sources */ = {isa = PBXBuildFile; fileRef = 48CDC9D125871BBB00D7FDC2 /* DevProfileViewController.swift */; };
		48CDC9D425871BBB00D7FDC2 /* DevProfileViewController.xib in Resources */ = {isa = PBXBuildFile; fileRef = 48CDC9D225871BBB00D7FDC2 /* DevProfileViewController.xib */; };
		48CDC9D92587263F00D7FDC2 /* Designables+Button.swift in Sources */ = {isa = PBXBuildFile; fileRef = 48CDC9D82587263F00D7FDC2 /* Designables+Button.swift */; };
		48CDC9DE2587264F00D7FDC2 /* Designables+UIView.swift in Sources */ = {isa = PBXBuildFile; fileRef = 48CDC9DD2587264F00D7FDC2 /* Designables+UIView.swift */; };
		48CDC9E3258726B200D7FDC2 /* Designables+UILabel.swift in Sources */ = {isa = PBXBuildFile; fileRef = 48CDC9E2258726B200D7FDC2 /* Designables+UILabel.swift */; };
		48CDC9E825872AEC00D7FDC2 /* DevDetailViewModel.swift in Sources */ = {isa = PBXBuildFile; fileRef = 48CDC9E725872AEC00D7FDC2 /* DevDetailViewModel.swift */; };
		48CDC9ED25872B0900D7FDC2 /* DevDetailsService.swift in Sources */ = {isa = PBXBuildFile; fileRef = 48CDC9EC25872B0900D7FDC2 /* DevDetailsService.swift */; };
		48CDC9F225872C3600D7FDC2 /* DevDetailsResponse.swift in Sources */ = {isa = PBXBuildFile; fileRef = 48CDC9F125872C3600D7FDC2 /* DevDetailsResponse.swift */; };
		48CDCA2D258752B300D7FDC2 /* Devs.swift in Sources */ = {isa = PBXBuildFile; fileRef = 48CDCA2C258752B300D7FDC2 /* Devs.swift */; };
		48CDCA8A258755EF00D7FDC2 /* DevNotes.swift in Sources */ = {isa = PBXBuildFile; fileRef = 48CDCA88258755EF00D7FDC2 /* DevNotes.swift */; };
		48E29837247A37FC00B6A520 /* GitDevTests.swift in Sources */ = {isa = PBXBuildFile; fileRef = 48E29836247A37FC00B6A520 /* GitDevTests.swift */; };
		48E29842247A37FC00B6A520 /* GitDevUITests.swift in Sources */ = {isa = PBXBuildFile; fileRef = 48E29841247A37FC00B6A520 /* GitDevUITests.swift */; };
		48FD44C624839C0E004975D4 /* ViewController.swift in Sources */ = {isa = PBXBuildFile; fileRef = 48FD44C024839C0E004975D4 /* ViewController.swift */; };
		48FD44C724839C0E004975D4 /* AppDelegate.swift in Sources */ = {isa = PBXBuildFile; fileRef = 48FD44C124839C0E004975D4 /* AppDelegate.swift */; };
		48FD44C824839C0E004975D4 /* SceneDelegate.swift in Sources */ = {isa = PBXBuildFile; fileRef = 48FD44C224839C0E004975D4 /* SceneDelegate.swift */; };
		48FD44CF24839C7A004975D4 /* Assets.xcassets in Resources */ = {isa = PBXBuildFile; fileRef = 48FD44CA24839C7A004975D4 /* Assets.xcassets */; };
		48FD44D024839C7A004975D4 /* LaunchScreen.storyboard in Resources */ = {isa = PBXBuildFile; fileRef = 48FD44CB24839C7A004975D4 /* LaunchScreen.storyboard */; };
		48FD44D124839C7A004975D4 /* Main.storyboard in Resources */ = {isa = PBXBuildFile; fileRef = 48FD44CD24839C7A004975D4 /* Main.storyboard */; };
		48FD44D524839CFA004975D4 /* Color.xcassets in Resources */ = {isa = PBXBuildFile; fileRef = 48FD44D424839CFA004975D4 /* Color.xcassets */; };
		B7F7BDF8F0CE18354CCBF687 /* Pods_GitDev.framework in Frameworks */ = {isa = PBXBuildFile; fileRef = 9785DED81433C75186560A01 /* Pods_GitDev.framework */; };
/* End PBXBuildFile section */

/* Begin PBXContainerItemProxy section */
		48E29833247A37FC00B6A520 /* PBXContainerItemProxy */ = {
			isa = PBXContainerItemProxy;
			containerPortal = 48E29814247A37F900B6A520 /* Project object */;
			proxyType = 1;
			remoteGlobalIDString = 48E2981B247A37F900B6A520;
			remoteInfo = GitDev;
		};
		48E2983E247A37FC00B6A520 /* PBXContainerItemProxy */ = {
			isa = PBXContainerItemProxy;
			containerPortal = 48E29814247A37F900B6A520 /* Project object */;
			proxyType = 1;
			remoteGlobalIDString = 48E2981B247A37F900B6A520;
			remoteInfo = GitDev;
		};
/* End PBXContainerItemProxy section */

/* Begin PBXFileReference section */
		14BF60F8CC1561DD64184B19 /* Pods-GitDev.debug.xcconfig */ = {isa = PBXFileReference; includeInIndex = 1; lastKnownFileType = text.xcconfig; name = "Pods-GitDev.debug.xcconfig"; path = "Target Support Files/Pods-GitDev/Pods-GitDev.debug.xcconfig"; sourceTree = "<group>"; };
		487C854925879CF600267DA9 /* SkeletonView.swift */ = {isa = PBXFileReference; lastKnownFileType = sourcecode.swift; path = SkeletonView.swift; sourceTree = "<group>"; };
		487C859C2587B0E500267DA9 /* Connection.swift */ = {isa = PBXFileReference; lastKnownFileType = sourcecode.swift; path = Connection.swift; sourceTree = "<group>"; };
		487C85EB2587B91E00267DA9 /* GitDevModelTest.swift */ = {isa = PBXFileReference; lastKnownFileType = sourcecode.swift; path = GitDevModelTest.swift; sourceTree = "<group>"; };
		487C85FB2587BBFA00267DA9 /* DevList_200.json */ = {isa = PBXFileReference; lastKnownFileType = text.json; path = DevList_200.json; sourceTree = "<group>"; xcLanguageSpecificationIdentifier = xcode.lang.json; };
		487C86032587BCBE00267DA9 /* DevDetails_200.json */ = {isa = PBXFileReference; fileEncoding = 4; lastKnownFileType = text.json; path = DevDetails_200.json; sourceTree = "<group>"; };
		48C3AD97258596C0005D3316 /* Localizable.strings */ = {isa = PBXFileReference; lastKnownFileType = text.plist.strings; path = Localizable.strings; sourceTree = "<group>"; };
		48C3ADB025859790005D3316 /* Alias.swift */ = {isa = PBXFileReference; lastKnownFileType = sourcecode.swift; path = Alias.swift; sourceTree = "<group>"; };
		48C3ADBA258598CA005D3316 /* UserListViewController.swift */ = {isa = PBXFileReference; fileEncoding = 4; lastKnownFileType = sourcecode.swift; path = UserListViewController.swift; sourceTree = "<group>"; };
		48C3ADC025859995005D3316 /* DevListCell.swift */ = {isa = PBXFileReference; lastKnownFileType = sourcecode.swift; path = DevListCell.swift; sourceTree = "<group>"; };
		48C3ADD12585B0F0005D3316 /* BaseService.swift */ = {isa = PBXFileReference; lastKnownFileType = sourcecode.swift; path = BaseService.swift; sourceTree = "<group>"; };
		48C3ADE12585B438005D3316 /* UIImageView+CornerRadius.swift */ = {isa = PBXFileReference; fileEncoding = 4; lastKnownFileType = sourcecode.swift; path = "UIImageView+CornerRadius.swift"; sourceTree = "<group>"; };
		48C3ADE22585B438005D3316 /* UITableView+Register.swift */ = {isa = PBXFileReference; fileEncoding = 4; lastKnownFileType = sourcecode.swift; path = "UITableView+Register.swift"; sourceTree = "<group>"; };
		48C3ADE42585B438005D3316 /* R.generated.swift */ = {isa = PBXFileReference; fileEncoding = 4; lastKnownFileType = sourcecode.swift; path = R.generated.swift; sourceTree = "<group>"; };
		48C3ADF22585B59E005D3316 /* Enums.swift */ = {isa = PBXFileReference; lastKnownFileType = sourcecode.swift; path = Enums.swift; sourceTree = "<group>"; };
		48C3ADF72585B8A4005D3316 /* DevListResponse.swift */ = {isa = PBXFileReference; lastKnownFileType = sourcecode.swift; path = DevListResponse.swift; sourceTree = "<group>"; };
		48C3ADFC2585B8DC005D3316 /* DevListViewModel.swift */ = {isa = PBXFileReference; lastKnownFileType = sourcecode.swift; path = DevListViewModel.swift; sourceTree = "<group>"; };
		48C3AE042585BA1D005D3316 /* DevListService.swift */ = {isa = PBXFileReference; lastKnownFileType = sourcecode.swift; path = DevListService.swift; sourceTree = "<group>"; };
		48C3AE112585CB7B005D3316 /* String+Empty.swift */ = {isa = PBXFileReference; lastKnownFileType = sourcecode.swift; path = "String+Empty.swift"; sourceTree = "<group>"; };
		48C3AE1E2585D1E8005D3316 /* UIViewcontroller+AlertMessage.swift */ = {isa = PBXFileReference; lastKnownFileType = sourcecode.swift; path = "UIViewcontroller+AlertMessage.swift"; sourceTree = "<group>"; };
		48C3AE242585E113005D3316 /* ImageLoader.swift */ = {isa = PBXFileReference; lastKnownFileType = sourcecode.swift; path = ImageLoader.swift; sourceTree = "<group>"; };
		48C3AE292585E139005D3316 /* ImageCaching.swift */ = {isa = PBXFileReference; lastKnownFileType = sourcecode.swift; path = ImageCaching.swift; sourceTree = "<group>"; };
		48C3AE2E2585E17D005D3316 /* ImageCacheConfig.swift */ = {isa = PBXFileReference; lastKnownFileType = sourcecode.swift; path = ImageCacheConfig.swift; sourceTree = "<group>"; };
		48C3AE352585F4A6005D3316 /* Devs.xcdatamodel */ = {isa = PBXFileReference; lastKnownFileType = wrapper.xcdatamodel; path = Devs.xcdatamodel; sourceTree = "<group>"; };
		48C3AE3A2585F4C2005D3316 /* CDManager.swift */ = {isa = PBXFileReference; lastKnownFileType = sourcecode.swift; path = CDManager.swift; sourceTree = "<group>"; };
		48CDC9D125871BBB00D7FDC2 /* DevProfileViewController.swift */ = {isa = PBXFileReference; lastKnownFileType = sourcecode.swift; path = DevProfileViewController.swift; sourceTree = "<group>"; };
		48CDC9D225871BBB00D7FDC2 /* DevProfileViewController.xib */ = {isa = PBXFileReference; lastKnownFileType = file.xib; path = DevProfileViewController.xib; sourceTree = "<group>"; };
		48CDC9D82587263F00D7FDC2 /* Designables+Button.swift */ = {isa = PBXFileReference; lastKnownFileType = sourcecode.swift; path = "Designables+Button.swift"; sourceTree = "<group>"; };
		48CDC9DD2587264F00D7FDC2 /* Designables+UIView.swift */ = {isa = PBXFileReference; lastKnownFileType = sourcecode.swift; path = "Designables+UIView.swift"; sourceTree = "<group>"; };
		48CDC9E2258726B200D7FDC2 /* Designables+UILabel.swift */ = {isa = PBXFileReference; lastKnownFileType = sourcecode.swift; path = "Designables+UILabel.swift"; sourceTree = "<group>"; };
		48CDC9E725872AEC00D7FDC2 /* DevDetailViewModel.swift */ = {isa = PBXFileReference; lastKnownFileType = sourcecode.swift; path = DevDetailViewModel.swift; sourceTree = "<group>"; };
		48CDC9EC25872B0900D7FDC2 /* DevDetailsService.swift */ = {isa = PBXFileReference; lastKnownFileType = sourcecode.swift; path = DevDetailsService.swift; sourceTree = "<group>"; };
		48CDC9F125872C3600D7FDC2 /* DevDetailsResponse.swift */ = {isa = PBXFileReference; lastKnownFileType = sourcecode.swift; path = DevDetailsResponse.swift; sourceTree = "<group>"; };
		48CDCA2C258752B300D7FDC2 /* Devs.swift */ = {isa = PBXFileReference; fileEncoding = 4; lastKnownFileType = sourcecode.swift; path = Devs.swift; sourceTree = "<group>"; };
		48CDCA88258755EF00D7FDC2 /* DevNotes.swift */ = {isa = PBXFileReference; lastKnownFileType = sourcecode.swift; path = DevNotes.swift; sourceTree = SOURCE_ROOT; };
		48E2981C247A37F900B6A520 /* GitDev.app */ = {isa = PBXFileReference; explicitFileType = wrapper.application; includeInIndex = 0; path = GitDev.app; sourceTree = BUILT_PRODUCTS_DIR; };
		48E2982D247A37FC00B6A520 /* Info.plist */ = {isa = PBXFileReference; lastKnownFileType = text.plist.xml; path = Info.plist; sourceTree = "<group>"; };
		48E29832247A37FC00B6A520 /* GitDevTests.xctest */ = {isa = PBXFileReference; explicitFileType = wrapper.cfbundle; includeInIndex = 0; path = GitDevTests.xctest; sourceTree = BUILT_PRODUCTS_DIR; };
		48E29836247A37FC00B6A520 /* GitDevTests.swift */ = {isa = PBXFileReference; lastKnownFileType = sourcecode.swift; path = GitDevTests.swift; sourceTree = "<group>"; };
		48E29838247A37FC00B6A520 /* Info.plist */ = {isa = PBXFileReference; lastKnownFileType = text.plist.xml; path = Info.plist; sourceTree = "<group>"; };
		48E2983D247A37FC00B6A520 /* GitDevUITests.xctest */ = {isa = PBXFileReference; explicitFileType = wrapper.cfbundle; includeInIndex = 0; path = GitDevUITests.xctest; sourceTree = BUILT_PRODUCTS_DIR; };
		48E29841247A37FC00B6A520 /* GitDevUITests.swift */ = {isa = PBXFileReference; lastKnownFileType = sourcecode.swift; path = GitDevUITests.swift; sourceTree = "<group>"; };
		48E29843247A37FC00B6A520 /* Info.plist */ = {isa = PBXFileReference; lastKnownFileType = text.plist.xml; path = Info.plist; sourceTree = "<group>"; };
		48FD44C024839C0E004975D4 /* ViewController.swift */ = {isa = PBXFileReference; fileEncoding = 4; lastKnownFileType = sourcecode.swift; path = ViewController.swift; sourceTree = "<group>"; };
		48FD44C124839C0E004975D4 /* AppDelegate.swift */ = {isa = PBXFileReference; fileEncoding = 4; lastKnownFileType = sourcecode.swift; path = AppDelegate.swift; sourceTree = "<group>"; };
		48FD44C224839C0E004975D4 /* SceneDelegate.swift */ = {isa = PBXFileReference; fileEncoding = 4; lastKnownFileType = sourcecode.swift; path = SceneDelegate.swift; sourceTree = "<group>"; };
		48FD44CA24839C7A004975D4 /* Assets.xcassets */ = {isa = PBXFileReference; lastKnownFileType = folder.assetcatalog; path = Assets.xcassets; sourceTree = "<group>"; };
		48FD44CC24839C7A004975D4 /* Base */ = {isa = PBXFileReference; lastKnownFileType = file.storyboard; name = Base; path = Base.lproj/LaunchScreen.storyboard; sourceTree = "<group>"; };
		48FD44CE24839C7A004975D4 /* Base */ = {isa = PBXFileReference; lastKnownFileType = file.storyboard; name = Base; path = Base.lproj/Main.storyboard; sourceTree = "<group>"; };
		48FD44D424839CFA004975D4 /* Color.xcassets */ = {isa = PBXFileReference; lastKnownFileType = folder.assetcatalog; path = Color.xcassets; sourceTree = "<group>"; };
		4AA1EF9E020742109F698F88 /* Pods-GitDev.release.xcconfig */ = {isa = PBXFileReference; includeInIndex = 1; lastKnownFileType = text.xcconfig; name = "Pods-GitDev.release.xcconfig"; path = "Target Support Files/Pods-GitDev/Pods-GitDev.release.xcconfig"; sourceTree = "<group>"; };
		9785DED81433C75186560A01 /* Pods_GitDev.framework */ = {isa = PBXFileReference; explicitFileType = wrapper.framework; includeInIndex = 0; path = Pods_GitDev.framework; sourceTree = BUILT_PRODUCTS_DIR; };
/* End PBXFileReference section */

/* Begin PBXFrameworksBuildPhase section */
		48E29819247A37F900B6A520 /* Frameworks */ = {
			isa = PBXFrameworksBuildPhase;
			buildActionMask = 2147483647;
			files = (
				B7F7BDF8F0CE18354CCBF687 /* Pods_GitDev.framework in Frameworks */,
			);
			runOnlyForDeploymentPostprocessing = 0;
		};
		48E2982F247A37FC00B6A520 /* Frameworks */ = {
			isa = PBXFrameworksBuildPhase;
			buildActionMask = 2147483647;
			files = (
			);
			runOnlyForDeploymentPostprocessing = 0;
		};
		48E2983A247A37FC00B6A520 /* Frameworks */ = {
			isa = PBXFrameworksBuildPhase;
			buildActionMask = 2147483647;
			files = (
			);
			runOnlyForDeploymentPostprocessing = 0;
		};
/* End PBXFrameworksBuildPhase section */

/* Begin PBXGroup section */
		48C3ADB525859830005D3316 /* DevDetails */ = {
			isa = PBXGroup;
			children = (
				48CDC9B925871ADF00D7FDC2 /* Model */,
				48CDC9B725871ADF00D7FDC2 /* ReusableCells */,
				48CDC9B625871ADF00D7FDC2 /* Services */,
				48CDC9B825871ADF00D7FDC2 /* ViewModel */,
				48CDC9D125871BBB00D7FDC2 /* DevProfileViewController.swift */,
				48CDC9D225871BBB00D7FDC2 /* DevProfileViewController.xib */,
			);
			path = DevDetails;
			sourceTree = "<group>";
		};
		48C3ADB625859830005D3316 /* DevList */ = {
			isa = PBXGroup;
			children = (
				48C3ADBA258598CA005D3316 /* UserListViewController.swift */,
				48C3ADB8258598CA005D3316 /* Model */,
				48C3ADB7258598CA005D3316 /* ReusableCells */,
				48C3ADB9258598CA005D3316 /* Services */,
				48C3ADBB258598CA005D3316 /* ViewModel */,
			);
			path = DevList;
			sourceTree = "<group>";
		};
		48C3ADB7258598CA005D3316 /* ReusableCells */ = {
			isa = PBXGroup;
			children = (
				48C3ADC025859995005D3316 /* DevListCell.swift */,
			);
			path = ReusableCells;
			sourceTree = "<group>";
		};
		48C3ADB8258598CA005D3316 /* Model */ = {
			isa = PBXGroup;
			children = (
				48C3ADF72585B8A4005D3316 /* DevListResponse.swift */,
			);
			path = Model;
			sourceTree = "<group>";
		};
		48C3ADB9258598CA005D3316 /* Services */ = {
			isa = PBXGroup;
			children = (
				48C3AE042585BA1D005D3316 /* DevListService.swift */,
			);
			path = Services;
			sourceTree = "<group>";
		};
		48C3ADBB258598CA005D3316 /* ViewModel */ = {
			isa = PBXGroup;
			children = (
				48C3ADFC2585B8DC005D3316 /* DevListViewModel.swift */,
			);
			path = ViewModel;
			sourceTree = "<group>";
		};
		48C3ADD02585B0E3005D3316 /* Network Services */ = {
			isa = PBXGroup;
			children = (
				48C3ADD12585B0F0005D3316 /* BaseService.swift */,
				487C859C2587B0E500267DA9 /* Connection.swift */,
			);
			path = "Network Services";
			sourceTree = "<group>";
		};
		48C3ADDF2585B438005D3316 /* Helpers */ = {
			isa = PBXGroup;
			children = (
				48C3AE232585E0D1005D3316 /* ImageViewer */,
				48C3ADE02585B438005D3316 /* Extension */,
				48C3ADE32585B438005D3316 /* R-Swift */,
			);
			path = Helpers;
			sourceTree = "<group>";
		};
		48C3ADE02585B438005D3316 /* Extension */ = {
			isa = PBXGroup;
			children = (
				48C3ADE12585B438005D3316 /* UIImageView+CornerRadius.swift */,
				48C3ADE22585B438005D3316 /* UITableView+Register.swift */,
				48C3AE112585CB7B005D3316 /* String+Empty.swift */,
				48C3AE1E2585D1E8005D3316 /* UIViewcontroller+AlertMessage.swift */,
				48CDC9D82587263F00D7FDC2 /* Designables+Button.swift */,
				48CDC9DD2587264F00D7FDC2 /* Designables+UIView.swift */,
				48CDC9E2258726B200D7FDC2 /* Designables+UILabel.swift */,
				487C854925879CF600267DA9 /* SkeletonView.swift */,
			);
			path = Extension;
			sourceTree = "<group>";
		};
		48C3ADE32585B438005D3316 /* R-Swift */ = {
			isa = PBXGroup;
			children = (
				48C3ADE42585B438005D3316 /* R.generated.swift */,
			);
			path = "R-Swift";
			sourceTree = "<group>";
		};
		48C3AE232585E0D1005D3316 /* ImageViewer */ = {
			isa = PBXGroup;
			children = (
				48C3AE242585E113005D3316 /* ImageLoader.swift */,
				48C3AE292585E139005D3316 /* ImageCaching.swift */,
				48C3AE2E2585E17D005D3316 /* ImageCacheConfig.swift */,
			);
			path = ImageViewer;
			sourceTree = "<group>";
		};
		48C3AE332585F48F005D3316 /* CoreData */ = {
			isa = PBXGroup;
			children = (
				48C3AE3F2585F992005D3316 /* Entity */,
				48C3AE342585F4A6005D3316 /* CDDevs.xcdatamodeld */,
				48C3AE3A2585F4C2005D3316 /* CDManager.swift */,
			);
			path = CoreData;
			sourceTree = "<group>";
		};
		48C3AE3F2585F992005D3316 /* Entity */ = {
			isa = PBXGroup;
			children = (
				48CDCA88258755EF00D7FDC2 /* DevNotes.swift */,
				48CDCA2C258752B300D7FDC2 /* Devs.swift */,
			);
			path = Entity;
			sourceTree = "<group>";
		};
		48CDC9B625871ADF00D7FDC2 /* Services */ = {
			isa = PBXGroup;
			children = (
				48CDC9EC25872B0900D7FDC2 /* DevDetailsService.swift */,
			);
			path = Services;
			sourceTree = "<group>";
		};
		48CDC9B725871ADF00D7FDC2 /* ReusableCells */ = {
			isa = PBXGroup;
			children = (
			);
			path = ReusableCells;
			sourceTree = "<group>";
		};
		48CDC9B825871ADF00D7FDC2 /* ViewModel */ = {
			isa = PBXGroup;
			children = (
				48CDC9E725872AEC00D7FDC2 /* DevDetailViewModel.swift */,
			);
			path = ViewModel;
			sourceTree = "<group>";
		};
		48CDC9B925871ADF00D7FDC2 /* Model */ = {
			isa = PBXGroup;
			children = (
				48CDC9F125872C3600D7FDC2 /* DevDetailsResponse.swift */,
			);
			path = Model;
			sourceTree = "<group>";
		};
		48E29813247A37F900B6A520 = {
			isa = PBXGroup;
			children = (
				48E2981E247A37F900B6A520 /* GitDev */,
				48E29835247A37FC00B6A520 /* GitDevTests */,
				48E29840247A37FC00B6A520 /* GitDevUITests */,
				48E2981D247A37F900B6A520 /* Products */,
				BDA85CC4FE816C8AD9B5FDCE /* Pods */,
				CDCE6DEEE9CFACFE3B4D1821 /* Frameworks */,
			);
			sourceTree = "<group>";
		};
		48E2981D247A37F900B6A520 /* Products */ = {
			isa = PBXGroup;
			children = (
				48E2981C247A37F900B6A520 /* GitDev.app */,
				48E29832247A37FC00B6A520 /* GitDevTests.xctest */,
				48E2983D247A37FC00B6A520 /* GitDevUITests.xctest */,
			);
			name = Products;
			sourceTree = "<group>";
		};
		48E2981E247A37F900B6A520 /* GitDev */ = {
			isa = PBXGroup;
			children = (
				48C3AE332585F48F005D3316 /* CoreData */,
				48C3ADD02585B0E3005D3316 /* Network Services */,
				48FD44C924839C7A004975D4 /* Resources */,
				48C3ADDF2585B438005D3316 /* Helpers */,
				48FD44B724839C0E004975D4 /* Scenes */,
				48FD44BF24839C0E004975D4 /* Module */,
				48FD44C324839C0E004975D4 /* Utility */,
				48E2982D247A37FC00B6A520 /* Info.plist */,
			);
			path = GitDev;
			sourceTree = "<group>";
		};
		48E29835247A37FC00B6A520 /* GitDevTests */ = {
			isa = PBXGroup;
			children = (
				487C86032587BCBE00267DA9 /* DevDetails_200.json */,
				48E29836247A37FC00B6A520 /* GitDevTests.swift */,
				48E29838247A37FC00B6A520 /* Info.plist */,
				487C85EB2587B91E00267DA9 /* GitDevModelTest.swift */,
				487C85FB2587BBFA00267DA9 /* DevList_200.json */,
			);
			path = GitDevTests;
			sourceTree = "<group>";
		};
		48E29840247A37FC00B6A520 /* GitDevUITests */ = {
			isa = PBXGroup;
			children = (
				48E29841247A37FC00B6A520 /* GitDevUITests.swift */,
				48E29843247A37FC00B6A520 /* Info.plist */,
			);
			path = GitDevUITests;
			sourceTree = "<group>";
		};
		48FD44B724839C0E004975D4 /* Scenes */ = {
			isa = PBXGroup;
			children = (
				48C3ADB525859830005D3316 /* DevDetails */,
				48C3ADB625859830005D3316 /* DevList */,
			);
			path = Scenes;
			sourceTree = "<group>";
		};
		48FD44BF24839C0E004975D4 /* Module */ = {
			isa = PBXGroup;
			children = (
				48FD44C024839C0E004975D4 /* ViewController.swift */,
				48FD44C124839C0E004975D4 /* AppDelegate.swift */,
				48FD44C224839C0E004975D4 /* SceneDelegate.swift */,
			);
			path = Module;
			sourceTree = "<group>";
		};
		48FD44C324839C0E004975D4 /* Utility */ = {
			isa = PBXGroup;
			children = (
				48C3ADB025859790005D3316 /* Alias.swift */,
				48C3ADF22585B59E005D3316 /* Enums.swift */,
			);
			path = Utility;
			sourceTree = "<group>";
		};
		48FD44C924839C7A004975D4 /* Resources */ = {
			isa = PBXGroup;
			children = (
				48FD44CA24839C7A004975D4 /* Assets.xcassets */,
				48FD44D424839CFA004975D4 /* Color.xcassets */,
				48FD44CB24839C7A004975D4 /* LaunchScreen.storyboard */,
				48FD44CD24839C7A004975D4 /* Main.storyboard */,
				48C3AD97258596C0005D3316 /* Localizable.strings */,
			);
			path = Resources;
			sourceTree = "<group>";
		};
		BDA85CC4FE816C8AD9B5FDCE /* Pods */ = {
			isa = PBXGroup;
			children = (
				14BF60F8CC1561DD64184B19 /* Pods-GitDev.debug.xcconfig */,
				4AA1EF9E020742109F698F88 /* Pods-GitDev.release.xcconfig */,
			);
			path = Pods;
			sourceTree = "<group>";
		};
		CDCE6DEEE9CFACFE3B4D1821 /* Frameworks */ = {
			isa = PBXGroup;
			children = (
				9785DED81433C75186560A01 /* Pods_GitDev.framework */,
			);
			name = Frameworks;
			sourceTree = "<group>";
		};
/* End PBXGroup section */

/* Begin PBXNativeTarget section */
		48E2981B247A37F900B6A520 /* GitDev */ = {
			isa = PBXNativeTarget;
			buildConfigurationList = 48E29846247A37FC00B6A520 /* Build configuration list for PBXNativeTarget "GitDev" */;
			buildPhases = (
				2FE15FAA17069200B88C1743 /* [CP] Check Pods Manifest.lock */,
				48FD44B0248399A3004975D4 /* R.swift */,
				48FD44AF2483955B004975D4 /* SwiftLint */,
				48E29818247A37F900B6A520 /* Sources */,
				48E29819247A37F900B6A520 /* Frameworks */,
				48E2981A247A37F900B6A520 /* Resources */,
				BEC6F5E63C5EACBE9BEE3B09 /* [CP] Embed Pods Frameworks */,
			);
			buildRules = (
			);
			dependencies = (
			);
			name = GitDev;
			productName = GitDev;
			productReference = 48E2981C247A37F900B6A520 /* GitDev.app */;
			productType = "com.apple.product-type.application";
		};
		48E29831247A37FC00B6A520 /* GitDevTests */ = {
			isa = PBXNativeTarget;
			buildConfigurationList = 48E29849247A37FC00B6A520 /* Build configuration list for PBXNativeTarget "GitDevTests" */;
			buildPhases = (
				48E2982E247A37FC00B6A520 /* Sources */,
				48E2982F247A37FC00B6A520 /* Frameworks */,
				48E29830247A37FC00B6A520 /* Resources */,
			);
			buildRules = (
			);
			dependencies = (
				48E29834247A37FC00B6A520 /* PBXTargetDependency */,
			);
			name = GitDevTests;
			productName = GitDevTests;
			productReference = 48E29832247A37FC00B6A520 /* GitDevTests.xctest */;
			productType = "com.apple.product-type.bundle.unit-test";
		};
		48E2983C247A37FC00B6A520 /* GitDevUITests */ = {
			isa = PBXNativeTarget;
			buildConfigurationList = 48E2984C247A37FC00B6A520 /* Build configuration list for PBXNativeTarget "GitDevUITests" */;
			buildPhases = (
				48E29839247A37FC00B6A520 /* Sources */,
				48E2983A247A37FC00B6A520 /* Frameworks */,
				48E2983B247A37FC00B6A520 /* Resources */,
			);
			buildRules = (
			);
			dependencies = (
				48E2983F247A37FC00B6A520 /* PBXTargetDependency */,
			);
			name = GitDevUITests;
			productName = GitDevUITests;
			productReference = 48E2983D247A37FC00B6A520 /* GitDevUITests.xctest */;
			productType = "com.apple.product-type.bundle.ui-testing";
		};
/* End PBXNativeTarget section */

/* Begin PBXProject section */
		48E29814247A37F900B6A520 /* Project object */ = {
			isa = PBXProject;
			attributes = {
				LastSwiftUpdateCheck = 1130;
				LastUpgradeCheck = 1130;
				ORGANIZATIONNAME = "Louise Nicolas Namoc";
				TargetAttributes = {
					48E2981B247A37F900B6A520 = {
						CreatedOnToolsVersion = 11.3.1;
					};
					48E29831247A37FC00B6A520 = {
						CreatedOnToolsVersion = 11.3.1;
						TestTargetID = 48E2981B247A37F900B6A520;
					};
					48E2983C247A37FC00B6A520 = {
						CreatedOnToolsVersion = 11.3.1;
						TestTargetID = 48E2981B247A37F900B6A520;
					};
				};
			};
			buildConfigurationList = 48E29817247A37F900B6A520 /* Build configuration list for PBXProject "GitDev" */;
			compatibilityVersion = "Xcode 9.3";
			developmentRegion = en;
			hasScannedForEncodings = 0;
			knownRegions = (
				en,
				Base,
			);
			mainGroup = 48E29813247A37F900B6A520;
			productRefGroup = 48E2981D247A37F900B6A520 /* Products */;
			projectDirPath = "";
			projectRoot = "";
			targets = (
				48E2981B247A37F900B6A520 /* GitDev */,
				48E29831247A37FC00B6A520 /* GitDevTests */,
				48E2983C247A37FC00B6A520 /* GitDevUITests */,
			);
		};
/* End PBXProject section */

/* Begin PBXResourcesBuildPhase section */
		48E2981A247A37F900B6A520 /* Resources */ = {
			isa = PBXResourcesBuildPhase;
			buildActionMask = 2147483647;
			files = (
				48CDC9D425871BBB00D7FDC2 /* DevProfileViewController.xib in Resources */,
				48C3AD98258596C0005D3316 /* Localizable.strings in Resources */,
				48FD44D124839C7A004975D4 /* Main.storyboard in Resources */,
				48FD44D524839CFA004975D4 /* Color.xcassets in Resources */,
				48FD44CF24839C7A004975D4 /* Assets.xcassets in Resources */,
				48FD44D024839C7A004975D4 /* LaunchScreen.storyboard in Resources */,
			);
			runOnlyForDeploymentPostprocessing = 0;
		};
		48E29830247A37FC00B6A520 /* Resources */ = {
			isa = PBXResourcesBuildPhase;
			buildActionMask = 2147483647;
			files = (
				487C85FC2587BBFA00267DA9 /* DevList_200.json in Resources */,
				487C86042587BCBE00267DA9 /* DevDetails_200.json in Resources */,
			);
			runOnlyForDeploymentPostprocessing = 0;
		};
		48E2983B247A37FC00B6A520 /* Resources */ = {
			isa = PBXResourcesBuildPhase;
			buildActionMask = 2147483647;
			files = (
			);
			runOnlyForDeploymentPostprocessing = 0;
		};
/* End PBXResourcesBuildPhase section */

/* Begin PBXShellScriptBuildPhase section */
		2FE15FAA17069200B88C1743 /* [CP] Check Pods Manifest.lock */ = {
			isa = PBXShellScriptBuildPhase;
			buildActionMask = 2147483647;
			files = (
			);
			inputFileListPaths = (
			);
			inputPaths = (
				"${PODS_PODFILE_DIR_PATH}/Podfile.lock",
				"${PODS_ROOT}/Manifest.lock",
			);
			name = "[CP] Check Pods Manifest.lock";
			outputFileListPaths = (
			);
			outputPaths = (
				"$(DERIVED_FILE_DIR)/Pods-GitDev-checkManifestLockResult.txt",
			);
			runOnlyForDeploymentPostprocessing = 0;
			shellPath = /bin/sh;
			shellScript = "diff \"${PODS_PODFILE_DIR_PATH}/Podfile.lock\" \"${PODS_ROOT}/Manifest.lock\" > /dev/null\nif [ $? != 0 ] ; then\n    # print error to STDERR\n    echo \"error: The sandbox is not in sync with the Podfile.lock. Run 'pod install' or update your CocoaPods installation.\" >&2\n    exit 1\nfi\n# This output is used by Xcode 'outputs' to avoid re-running this script phase.\necho \"SUCCESS\" > \"${SCRIPT_OUTPUT_FILE_0}\"\n";
			showEnvVarsInLog = 0;
		};
		48FD44AF2483955B004975D4 /* SwiftLint */ = {
			isa = PBXShellScriptBuildPhase;
			buildActionMask = 2147483647;
			files = (
			);
			inputFileListPaths = (
			);
			inputPaths = (
			);
			name = SwiftLint;
			outputFileListPaths = (
			);
			outputPaths = (
			);
			runOnlyForDeploymentPostprocessing = 0;
			shellPath = /bin/sh;
			shellScript = "\"${PODS_ROOT}/SwiftLint/swiftlint\"\n";
		};
		48FD44B0248399A3004975D4 /* R.swift */ = {
			isa = PBXShellScriptBuildPhase;
			buildActionMask = 2147483647;
			files = (
			);
			inputFileListPaths = (
			);
			inputPaths = (
				"$TEMP_DIR/rswift-lastrun",
			);
			name = R.swift;
			outputFileListPaths = (
				"",
			);
			outputPaths = (
				"$SRCROOT/GitDev/Helpers/R-Swift/R.generated.swift",
			);
			runOnlyForDeploymentPostprocessing = 0;
			shellPath = /bin/sh;
			shellScript = "\"$PODS_ROOT/R.swift/rswift\" generate \"$SRCROOT/GitDev/Helpers/R-Swift/R.generated.swift\"\n";
		};
		BEC6F5E63C5EACBE9BEE3B09 /* [CP] Embed Pods Frameworks */ = {
			isa = PBXShellScriptBuildPhase;
			buildActionMask = 2147483647;
			files = (
			);
			inputFileListPaths = (
				"${PODS_ROOT}/Target Support Files/Pods-GitDev/Pods-GitDev-frameworks-${CONFIGURATION}-input-files.xcfilelist",
			);
			name = "[CP] Embed Pods Frameworks";
			outputFileListPaths = (
				"${PODS_ROOT}/Target Support Files/Pods-GitDev/Pods-GitDev-frameworks-${CONFIGURATION}-output-files.xcfilelist",
			);
			runOnlyForDeploymentPostprocessing = 0;
			shellPath = /bin/sh;
			shellScript = "\"${PODS_ROOT}/Target Support Files/Pods-GitDev/Pods-GitDev-frameworks.sh\"\n";
			showEnvVarsInLog = 0;
		};
/* End PBXShellScriptBuildPhase section */

/* Begin PBXSourcesBuildPhase section */
		48E29818247A37F900B6A520 /* Sources */ = {
			isa = PBXSourcesBuildPhase;
			buildActionMask = 2147483647;
			files = (
				48C3ADE62585B438005D3316 /* UITableView+Register.swift in Sources */,
				487C859D2587B0E500267DA9 /* Connection.swift in Sources */,
				48CDC9E825872AEC00D7FDC2 /* DevDetailViewModel.swift in Sources */,
				48C3AE1F2585D1E8005D3316 /* UIViewcontroller+AlertMessage.swift in Sources */,
				48C3AE362585F4A6005D3316 /* CDDevs.xcdatamodeld in Sources */,
				48CDC9D92587263F00D7FDC2 /* Designables+Button.swift in Sources */,
				487C854A25879CF600267DA9 /* SkeletonView.swift in Sources */,
				48CDC9F225872C3600D7FDC2 /* DevDetailsResponse.swift in Sources */,
				48CDC9ED25872B0900D7FDC2 /* DevDetailsService.swift in Sources */,
				48CDCA8A258755EF00D7FDC2 /* DevNotes.swift in Sources */,
				48C3ADC125859995005D3316 /* DevListCell.swift in Sources */,
				48C3ADE52585B438005D3316 /* UIImageView+CornerRadius.swift in Sources */,
				48FD44C824839C0E004975D4 /* SceneDelegate.swift in Sources */,
				48C3AE2F2585E17D005D3316 /* ImageCacheConfig.swift in Sources */,
				48CDCA2D258752B300D7FDC2 /* Devs.swift in Sources */,
				48CDC9D325871BBB00D7FDC2 /* DevProfileViewController.swift in Sources */,
				48C3ADD22585B0F0005D3316 /* BaseService.swift in Sources */,
				48C3ADFD2585B8DC005D3316 /* DevListViewModel.swift in Sources */,
				48CDC9DE2587264F00D7FDC2 /* Designables+UIView.swift in Sources */,
				48C3AE052585BA1D005D3316 /* DevListService.swift in Sources */,
				48FD44C724839C0E004975D4 /* AppDelegate.swift in Sources */,
				48FD44C624839C0E004975D4 /* ViewController.swift in Sources */,
				48C3ADE72585B438005D3316 /* R.generated.swift in Sources */,
				48C3AE2A2585E139005D3316 /* ImageCaching.swift in Sources */,
				48C3ADB125859790005D3316 /* Alias.swift in Sources */,
				48C3AE3B2585F4C2005D3316 /* CDManager.swift in Sources */,
				48C3ADF82585B8A4005D3316 /* DevListResponse.swift in Sources */,
				48C3AE252585E113005D3316 /* ImageLoader.swift in Sources */,
				48C3ADF32585B59E005D3316 /* Enums.swift in Sources */,
				48CDC9E3258726B200D7FDC2 /* Designables+UILabel.swift in Sources */,
				48C3AE122585CB7B005D3316 /* String+Empty.swift in Sources */,
				48C3ADBC258598CA005D3316 /* UserListViewController.swift in Sources */,
			);
			runOnlyForDeploymentPostprocessing = 0;
		};
		48E2982E247A37FC00B6A520 /* Sources */ = {
			isa = PBXSourcesBuildPhase;
			buildActionMask = 2147483647;
			files = (
				487C85EC2587B91E00267DA9 /* GitDevModelTest.swift in Sources */,
				48E29837247A37FC00B6A520 /* GitDevTests.swift in Sources */,
			);
			runOnlyForDeploymentPostprocessing = 0;
		};
		48E29839247A37FC00B6A520 /* Sources */ = {
			isa = PBXSourcesBuildPhase;
			buildActionMask = 2147483647;
			files = (
				48E29842247A37FC00B6A520 /* GitDevUITests.swift in Sources */,
			);
			runOnlyForDeploymentPostprocessing = 0;
		};
/* End PBXSourcesBuildPhase section */

/* Begin PBXTargetDependency section */
		48E29834247A37FC00B6A520 /* PBXTargetDependency */ = {
			isa = PBXTargetDependency;
			target = 48E2981B247A37F900B6A520 /* GitDev */;
			targetProxy = 48E29833247A37FC00B6A520 /* PBXContainerItemProxy */;
		};
		48E2983F247A37FC00B6A520 /* PBXTargetDependency */ = {
			isa = PBXTargetDependency;
			target = 48E2981B247A37F900B6A520 /* GitDev */;
			targetProxy = 48E2983E247A37FC00B6A520 /* PBXContainerItemProxy */;
		};
/* End PBXTargetDependency section */

/* Begin PBXVariantGroup section */
		48FD44CB24839C7A004975D4 /* LaunchScreen.storyboard */ = {
			isa = PBXVariantGroup;
			children = (
				48FD44CC24839C7A004975D4 /* Base */,
			);
			name = LaunchScreen.storyboard;
			sourceTree = "<group>";
		};
		48FD44CD24839C7A004975D4 /* Main.storyboard */ = {
			isa = PBXVariantGroup;
			children = (
				48FD44CE24839C7A004975D4 /* Base */,
			);
			name = Main.storyboard;
			sourceTree = "<group>";
		};
/* End PBXVariantGroup section */

/* Begin XCBuildConfiguration section */
		48E29844247A37FC00B6A520 /* Debug */ = {
			isa = XCBuildConfiguration;
			buildSettings = {
				ALWAYS_SEARCH_USER_PATHS = NO;
				CLANG_ANALYZER_NONNULL = YES;
				CLANG_ANALYZER_NUMBER_OBJECT_CONVERSION = YES_AGGRESSIVE;
				CLANG_CXX_LANGUAGE_STANDARD = "gnu++14";
				CLANG_CXX_LIBRARY = "libc++";
				CLANG_ENABLE_MODULES = YES;
				CLANG_ENABLE_OBJC_ARC = YES;
				CLANG_ENABLE_OBJC_WEAK = YES;
				CLANG_WARN_BLOCK_CAPTURE_AUTORELEASING = YES;
				CLANG_WARN_BOOL_CONVERSION = YES;
				CLANG_WARN_COMMA = YES;
				CLANG_WARN_CONSTANT_CONVERSION = YES;
				CLANG_WARN_DEPRECATED_OBJC_IMPLEMENTATIONS = YES;
				CLANG_WARN_DIRECT_OBJC_ISA_USAGE = YES_ERROR;
				CLANG_WARN_DOCUMENTATION_COMMENTS = YES;
				CLANG_WARN_EMPTY_BODY = YES;
				CLANG_WARN_ENUM_CONVERSION = YES;
				CLANG_WARN_INFINITE_RECURSION = YES;
				CLANG_WARN_INT_CONVERSION = YES;
				CLANG_WARN_NON_LITERAL_NULL_CONVERSION = YES;
				CLANG_WARN_OBJC_IMPLICIT_RETAIN_SELF = YES;
				CLANG_WARN_OBJC_LITERAL_CONVERSION = YES;
				CLANG_WARN_OBJC_ROOT_CLASS = YES_ERROR;
				CLANG_WARN_RANGE_LOOP_ANALYSIS = YES;
				CLANG_WARN_STRICT_PROTOTYPES = YES;
				CLANG_WARN_SUSPICIOUS_MOVE = YES;
				CLANG_WARN_UNGUARDED_AVAILABILITY = YES_AGGRESSIVE;
				CLANG_WARN_UNREACHABLE_CODE = YES;
				CLANG_WARN__DUPLICATE_METHOD_MATCH = YES;
				COPY_PHASE_STRIP = NO;
				DEBUG_INFORMATION_FORMAT = dwarf;
				ENABLE_STRICT_OBJC_MSGSEND = YES;
				ENABLE_TESTABILITY = YES;
				GCC_C_LANGUAGE_STANDARD = gnu11;
				GCC_DYNAMIC_NO_PIC = NO;
				GCC_NO_COMMON_BLOCKS = YES;
				GCC_OPTIMIZATION_LEVEL = 0;
				GCC_PREPROCESSOR_DEFINITIONS = (
					"DEBUG=1",
					"$(inherited)",
				);
				GCC_WARN_64_TO_32_BIT_CONVERSION = YES;
				GCC_WARN_ABOUT_RETURN_TYPE = YES_ERROR;
				GCC_WARN_UNDECLARED_SELECTOR = YES;
				GCC_WARN_UNINITIALIZED_AUTOS = YES_AGGRESSIVE;
				GCC_WARN_UNUSED_FUNCTION = YES;
				GCC_WARN_UNUSED_VARIABLE = YES;
				IPHONEOS_DEPLOYMENT_TARGET = 13.0;
				MTL_ENABLE_DEBUG_INFO = INCLUDE_SOURCE;
				MTL_FAST_MATH = YES;
				ONLY_ACTIVE_ARCH = YES;
				SDKROOT = iphoneos;
				SWIFT_ACTIVE_COMPILATION_CONDITIONS = DEBUG;
				SWIFT_OPTIMIZATION_LEVEL = "-Onone";
				SWIFT_VERSION = 5.0;
			};
			name = Debug;
		};
		48E29845247A37FC00B6A520 /* Release */ = {
			isa = XCBuildConfiguration;
			buildSettings = {
				ALWAYS_SEARCH_USER_PATHS = NO;
				CLANG_ANALYZER_NONNULL = YES;
				CLANG_ANALYZER_NUMBER_OBJECT_CONVERSION = YES_AGGRESSIVE;
				CLANG_CXX_LANGUAGE_STANDARD = "gnu++14";
				CLANG_CXX_LIBRARY = "libc++";
				CLANG_ENABLE_MODULES = YES;
				CLANG_ENABLE_OBJC_ARC = YES;
				CLANG_ENABLE_OBJC_WEAK = YES;
				CLANG_WARN_BLOCK_CAPTURE_AUTORELEASING = YES;
				CLANG_WARN_BOOL_CONVERSION = YES;
				CLANG_WARN_COMMA = YES;
				CLANG_WARN_CONSTANT_CONVERSION = YES;
				CLANG_WARN_DEPRECATED_OBJC_IMPLEMENTATIONS = YES;
				CLANG_WARN_DIRECT_OBJC_ISA_USAGE = YES_ERROR;
				CLANG_WARN_DOCUMENTATION_COMMENTS = YES;
				CLANG_WARN_EMPTY_BODY = YES;
				CLANG_WARN_ENUM_CONVERSION = YES;
				CLANG_WARN_INFINITE_RECURSION = YES;
				CLANG_WARN_INT_CONVERSION = YES;
				CLANG_WARN_NON_LITERAL_NULL_CONVERSION = YES;
				CLANG_WARN_OBJC_IMPLICIT_RETAIN_SELF = YES;
				CLANG_WARN_OBJC_LITERAL_CONVERSION = YES;
				CLANG_WARN_OBJC_ROOT_CLASS = YES_ERROR;
				CLANG_WARN_RANGE_LOOP_ANALYSIS = YES;
				CLANG_WARN_STRICT_PROTOTYPES = YES;
				CLANG_WARN_SUSPICIOUS_MOVE = YES;
				CLANG_WARN_UNGUARDED_AVAILABILITY = YES_AGGRESSIVE;
				CLANG_WARN_UNREACHABLE_CODE = YES;
				CLANG_WARN__DUPLICATE_METHOD_MATCH = YES;
				COPY_PHASE_STRIP = NO;
				DEBUG_INFORMATION_FORMAT = "dwarf-with-dsym";
				ENABLE_NS_ASSERTIONS = NO;
				ENABLE_STRICT_OBJC_MSGSEND = YES;
				GCC_C_LANGUAGE_STANDARD = gnu11;
				GCC_NO_COMMON_BLOCKS = YES;
				GCC_WARN_64_TO_32_BIT_CONVERSION = YES;
				GCC_WARN_ABOUT_RETURN_TYPE = YES_ERROR;
				GCC_WARN_UNDECLARED_SELECTOR = YES;
				GCC_WARN_UNINITIALIZED_AUTOS = YES_AGGRESSIVE;
				GCC_WARN_UNUSED_FUNCTION = YES;
				GCC_WARN_UNUSED_VARIABLE = YES;
				IPHONEOS_DEPLOYMENT_TARGET = 13.0;
				MTL_ENABLE_DEBUG_INFO = NO;
				MTL_FAST_MATH = YES;
				SDKROOT = iphoneos;
				SWIFT_COMPILATION_MODE = wholemodule;
				SWIFT_OPTIMIZATION_LEVEL = "-O";
				SWIFT_VERSION = 5.0;
				VALIDATE_PRODUCT = YES;
			};
			name = Release;
		};
		48E29847247A37FC00B6A520 /* Debug */ = {
			isa = XCBuildConfiguration;
			baseConfigurationReference = 14BF60F8CC1561DD64184B19 /* Pods-GitDev.debug.xcconfig */;
			buildSettings = {
				ASSETCATALOG_COMPILER_APPICON_NAME = AppIcon;
				CODE_SIGN_IDENTITY = "Apple Development";
				CODE_SIGN_STYLE = Automatic;
				DEVELOPMENT_TEAM = 7428VFHT84;
				INFOPLIST_FILE = GitDev/Info.plist;
				IPHONEOS_DEPLOYMENT_TARGET = 13.0;
				LD_RUNPATH_SEARCH_PATHS = (
					"$(inherited)",
					"@executable_path/Frameworks",
				);
				PRODUCT_BUNDLE_IDENTIFIER = com.iremit.GitDev;
				PRODUCT_NAME = "$(TARGET_NAME)";
				PROVISIONING_PROFILE_SPECIFIER = "";
				SWIFT_VERSION = 5.0;
				TARGETED_DEVICE_FAMILY = "1,2";
			};
			name = Debug;
		};
		48E29848247A37FC00B6A520 /* Release */ = {
			isa = XCBuildConfiguration;
			baseConfigurationReference = 4AA1EF9E020742109F698F88 /* Pods-GitDev.release.xcconfig */;
			buildSettings = {
				ASSETCATALOG_COMPILER_APPICON_NAME = AppIcon;
				CODE_SIGN_IDENTITY = "Apple Development";
				CODE_SIGN_STYLE = Automatic;
				DEVELOPMENT_TEAM = 7428VFHT84;
				INFOPLIST_FILE = GitDev/Info.plist;
				IPHONEOS_DEPLOYMENT_TARGET = 13.0;
				LD_RUNPATH_SEARCH_PATHS = (
					"$(inherited)",
					"@executable_path/Frameworks",
				);
				PRODUCT_BUNDLE_IDENTIFIER = com.iremit.GitDev;
				PRODUCT_NAME = "$(TARGET_NAME)";
				PROVISIONING_PROFILE_SPECIFIER = "";
				SWIFT_VERSION = 5.0;
				TARGETED_DEVICE_FAMILY = "1,2";
			};
			name = Release;
		};
		48E2984A247A37FC00B6A520 /* Debug */ = {
			isa = XCBuildConfiguration;
			buildSettings = {
				ALWAYS_EMBED_SWIFT_STANDARD_LIBRARIES = YES;
				BUNDLE_LOADER = "$(TEST_HOST)";
				CODE_SIGN_STYLE = Automatic;
				INFOPLIST_FILE = GitDevTests/Info.plist;
				IPHONEOS_DEPLOYMENT_TARGET = 13.2;
				LD_RUNPATH_SEARCH_PATHS = (
					"$(inherited)",
					"@executable_path/Frameworks",
					"@loader_path/Frameworks",
				);
				PRODUCT_BUNDLE_IDENTIFIER = com.appetiser.GitDevTests;
				PRODUCT_NAME = "$(TARGET_NAME)";
				SWIFT_VERSION = 5.0;
				TARGETED_DEVICE_FAMILY = "1,2";
				TEST_HOST = "$(BUILT_PRODUCTS_DIR)/GitDev.app/GitDev";
			};
			name = Debug;
		};
		48E2984B247A37FC00B6A520 /* Release */ = {
			isa = XCBuildConfiguration;
			buildSettings = {
				ALWAYS_EMBED_SWIFT_STANDARD_LIBRARIES = YES;
				BUNDLE_LOADER = "$(TEST_HOST)";
				CODE_SIGN_STYLE = Automatic;
				INFOPLIST_FILE = GitDevTests/Info.plist;
				IPHONEOS_DEPLOYMENT_TARGET = 13.2;
				LD_RUNPATH_SEARCH_PATHS = (
					"$(inherited)",
					"@executable_path/Frameworks",
					"@loader_path/Frameworks",
				);
				PRODUCT_BUNDLE_IDENTIFIER = com.appetiser.GitDevTests;
				PRODUCT_NAME = "$(TARGET_NAME)";
				SWIFT_VERSION = 5.0;
				TARGETED_DEVICE_FAMILY = "1,2";
				TEST_HOST = "$(BUILT_PRODUCTS_DIR)/GitDev.app/GitDev";
			};
			name = Release;
		};
		48E2984D247A37FC00B6A520 /* Debug */ = {
			isa = XCBuildConfiguration;
			buildSettings = {
				ALWAYS_EMBED_SWIFT_STANDARD_LIBRARIES = YES;
				CODE_SIGN_STYLE = Automatic;
				INFOPLIST_FILE = GitDevUITests/Info.plist;
				LD_RUNPATH_SEARCH_PATHS = (
					"$(inherited)",
					"@executable_path/Frameworks",
					"@loader_path/Frameworks",
				);
				PRODUCT_BUNDLE_IDENTIFIER = com.appetiser.GitDevUITests;
				PRODUCT_NAME = "$(TARGET_NAME)";
				SWIFT_VERSION = 5.0;
				TARGETED_DEVICE_FAMILY = "1,2";
				TEST_TARGET_NAME = GitDev;
			};
			name = Debug;
		};
		48E2984E247A37FC00B6A520 /* Release */ = {
			isa = XCBuildConfiguration;
			buildSettings = {
				ALWAYS_EMBED_SWIFT_STANDARD_LIBRARIES = YES;
				CODE_SIGN_STYLE = Automatic;
				INFOPLIST_FILE = GitDevUITests/Info.plist;
				LD_RUNPATH_SEARCH_PATHS = (
					"$(inherited)",
					"@executable_path/Frameworks",
					"@loader_path/Frameworks",
				);
				PRODUCT_BUNDLE_IDENTIFIER = com.appetiser.GitDevUITests;
				PRODUCT_NAME = "$(TARGET_NAME)";
				SWIFT_VERSION = 5.0;
				TARGETED_DEVICE_FAMILY = "1,2";
				TEST_TARGET_NAME = GitDev;
			};
			name = Release;
		};
/* End XCBuildConfiguration section */

/* Begin XCConfigurationList section */
		48E29817247A37F900B6A520 /* Build configuration list for PBXProject "GitDev" */ = {
			isa = XCConfigurationList;
			buildConfigurations = (
				48E29844247A37FC00B6A520 /* Debug */,
				48E29845247A37FC00B6A520 /* Release */,
			);
			defaultConfigurationIsVisible = 0;
			defaultConfigurationName = Release;
		};
		48E29846247A37FC00B6A520 /* Build configuration list for PBXNativeTarget "GitDev" */ = {
			isa = XCConfigurationList;
			buildConfigurations = (
				48E29847247A37FC00B6A520 /* Debug */,
				48E29848247A37FC00B6A520 /* Release */,
			);
			defaultConfigurationIsVisible = 0;
			defaultConfigurationName = Release;
		};
		48E29849247A37FC00B6A520 /* Build configuration list for PBXNativeTarget "GitDevTests" */ = {
			isa = XCConfigurationList;
			buildConfigurations = (
				48E2984A247A37FC00B6A520 /* Debug */,
				48E2984B247A37FC00B6A520 /* Release */,
			);
			defaultConfigurationIsVisible = 0;
			defaultConfigurationName = Release;
		};
		48E2984C247A37FC00B6A520 /* Build configuration list for PBXNativeTarget "GitDevUITests" */ = {
			isa = XCConfigurationList;
			buildConfigurations = (
				48E2984D247A37FC00B6A520 /* Debug */,
				48E2984E247A37FC00B6A520 /* Release */,
			);
			defaultConfigurationIsVisible = 0;
			defaultConfigurationName = Release;
		};
/* End XCConfigurationList section */

/* Begin XCVersionGroup section */
		48C3AE342585F4A6005D3316 /* CDDevs.xcdatamodeld */ = {
			isa = XCVersionGroup;
			children = (
				48C3AE352585F4A6005D3316 /* Devs.xcdatamodel */,
			);
			currentVersion = 48C3AE352585F4A6005D3316 /* Devs.xcdatamodel */;
			path = CDDevs.xcdatamodeld;
			sourceTree = "<group>";
			versionGroupType = wrapper.xcdatamodel;
		};
/* End XCVersionGroup section */
	};
	rootObject = 48E29814247A37F900B6A520 /* Project object */;
}
