PODS:
  - IQKeyboardManagerSwift (6.5.5)
  - R.swift (5.1.0):
    - R.swift.Library (~> 5.1.0)
  - R.swift.Library (5.1.0)
  - ReachabilitySwift (5.0.0)
  - SkeletonView (1.9)
  - SwiftLint (0.39.1)

DEPENDENCIES:
  - IQKeyboardManagerSwift
  - R.swift
  - ReachabilitySwift
  - SkeletonView
  - SwiftLint

SPEC REPOS:
  trunk:
    - IQKeyboardManagerSwift
    - R.swift
    - R.swift.Library
    - ReachabilitySwift
    - SkeletonView
    - SwiftLint

SPEC CHECKSUMS:
  IQKeyboardManagerSwift: 0fb93310284665245591f50f7a5e38de615960b7
  R.swift: 8cbc4fc69b740305b6a17c8a8ed968eb788962d9
  R.swift.Library: fa85ce1e0d0b7e818cd9e080df910ba54d2776cc
  ReachabilitySwift: 985039c6f7b23a1da463388634119492ff86c825
  SkeletonView: f72ac4df69730e48324efae062ba580c2fce974d
  SwiftLint: 55e96a4a4d537d4a3156859fc1c54bd24851a046

PODFILE CHECKSUM: 111a061ed5ba01b59da7cc4030ebf72bc38392fc

COCOAPODS: 1.10.0
